{
  "sources": {
    "user": {
      "locked_version": "0.3.0"
    },
    "openssh": {
      "locked_version": "1.3.0"
    },
    "simple_iptables": {
      "locked_version": "0.3.0",
      "git": "git://github.com/dcrosta/cookbook-simple-iptables.git",
      "ref": "82a78520230bbd58915a67c91942bfd111cfea25"
    },
    "iptables": {
      "locked_version": "0.12.0"
    }
  }
}
