{
  "sources": {
    "yum": {
      "locked_version": "2.4.4"
    },
    "user": {
      "locked_version": "0.3.0"
    },
    "openssh": {
      "locked_version": "1.3.0"
    },
    "simple_iptables": {
      "locked_version": "0.3.0",
      "git": "git://github.com/dcrosta/cookbook-simple-iptables.git",
      "ref": "82a78520230bbd58915a67c91942bfd111cfea25"
    },
    "nfs": {
      "locked_version": "0.5.0"
    },
    "nginx": {
      "locked_version": "2.0.8"
    },
    "munin": {
      "locked_version": "1.4.0"
    },
    "iptables": {
      "locked_version": "0.12.0"
    },
    "line": {
      "locked_version": "0.5.1"
    },
    "apt": {
      "locked_version": "2.3.0"
    },
    "bluepill": {
      "locked_version": "2.3.0"
    },
    "rsyslog": {
      "locked_version": "1.9.0"
    },
    "build-essential": {
      "locked_version": "1.4.2"
    },
    "ohai": {
      "locked_version": "1.1.12"
    },
    "runit": {
      "locked_version": "1.4.6"
    },
    "apache2": {
      "locked_version": "1.8.14"
    }
  }
}
